
Microsoft Visual Studio Solution File, Format Version 12.00
# Visual Studio Version 17
VisualStudioVersion = 17.0.31903.59
MinimumVisualStudioVersion = 10.0.40219.1
Project("{FAE04EC0-301F-11D3-BF4B-00C04F79EFBC}") = "GenericDemo", "GenericDemo\GenericDemo.csproj", "{6882BFD2-F12E-4AE3-80F3-2898771E4903}"
EndProject
Global
	GlobalSection(SolutionConfigurationPlatforms) = preSolution
		Debug|Any CPU = Debug|Any CPU
		Release|Any CPU = Release|Any CPU
	EndGlobalSection
	GlobalSection(ProjectConfigurationPlatforms) = postSolution
		{6882BFD2-F12E-4AE3-80F3-2898771E4903}.Debug|Any CPU.ActiveCfg = Debug|Any CPU
		{6882BFD2-F12E-4AE3-80F3-2898771E4903}.Debug|Any CPU.Build.0 = Debug|Any CPU
		{6882BFD2-F12E-4AE3-80F3-2898771E4903}.Release|Any CPU.ActiveCfg = Release|Any CPU
		{6882BFD2-F12E-4AE3-80F3-2898771E4903}.Release|Any CPU.Build.0 = Release|Any CPU
	EndGlobalSection
	GlobalSection(SolutionProperties) = preSolution
		HideSolutionNode = FALSE
	EndGlobalSection
	GlobalSection(ExtensibilityGlobals) = postSolution
		SolutionGuid = {DE8E776B-0A75-4F25-B563-0315289258D6}
	EndGlobalSection
EndGlobal
